// !$*UTF8*$!
{
	archiveVersion = 1;
	classes = {
	};
	objectVersion = 46;
	objects = {

/* Begin PBXBuildFile section */
		8B0361C91E4F8DB300FC57B4 /* AppDelegate.swift in Sources */ = {isa = PBXBuildFile; fileRef = 8B0361C81E4F8DB300FC57B4 /* AppDelegate.swift */; };
		8B0361CB1E4F8DB300FC57B4 /* ViewController.swift in Sources */ = {isa = PBXBuildFile; fileRef = 8B0361CA1E4F8DB300FC57B4 /* ViewController.swift */; };
		8B0361CE1E4F8DB300FC57B4 /* Main.storyboard in Resources */ = {isa = PBXBuildFile; fileRef = 8B0361CC1E4F8DB300FC57B4 /* Main.storyboard */; };
		8B0361D01E4F8DB300FC57B4 /* Assets.xcassets in Resources */ = {isa = PBXBuildFile; fileRef = 8B0361CF1E4F8DB300FC57B4 /* Assets.xcassets */; };
		8B0361D31E4F8DB300FC57B4 /* LaunchScreen.storyboard in Resources */ = {isa = PBXBuildFile; fileRef = 8B0361D11E4F8DB300FC57B4 /* LaunchScreen.storyboard */; };
		8B444EA71E4FB5630084BECB /* CustomObject.m in Sources */ = {isa = PBXBuildFile; fileRef = 8B444EA61E4FB5630084BECB /* CustomObject.m */; };
		8B444EAB1E4FBB520084BECB /* Session.swift in Sources */ = {isa = PBXBuildFile; fileRef = 8B444EAA1E4FBB520084BECB /* Session.swift */; };
		8BD1FED21E4F953300B08D01 /* GoogleService-Info.plist in Resources */ = {isa = PBXBuildFile; fileRef = 8BD1FED11E4F953300B08D01 /* GoogleService-Info.plist */; };
		8FE770855116B912B9138F43 /* Pods_FacePay.framework in Frameworks */ = {isa = PBXBuildFile; fileRef = F856944C703A103833E7A627 /* Pods_FacePay.framework */; };
/* End PBXBuildFile section */

/* Begin PBXFileReference section */
		8B0361C51E4F8DB300FC57B4 /* FacePay.app */ = {isa = PBXFileReference; explicitFileType = wrapper.application; includeInIndex = 0; path = FacePay.app; sourceTree = BUILT_PRODUCTS_DIR; };
		8B0361C81E4F8DB300FC57B4 /* AppDelegate.swift */ = {isa = PBXFileReference; lastKnownFileType = sourcecode.swift; path = AppDelegate.swift; sourceTree = "<group>"; };
		8B0361CA1E4F8DB300FC57B4 /* ViewController.swift */ = {isa = PBXFileReference; lastKnownFileType = sourcecode.swift; path = ViewController.swift; sourceTree = "<group>"; };
		8B0361CD1E4F8DB300FC57B4 /* Base */ = {isa = PBXFileReference; lastKnownFileType = file.storyboard; name = Base; path = Base.lproj/Main.storyboard; sourceTree = "<group>"; };
		8B0361CF1E4F8DB300FC57B4 /* Assets.xcassets */ = {isa = PBXFileReference; lastKnownFileType = folder.assetcatalog; path = Assets.xcassets; sourceTree = "<group>"; };
		8B0361D21E4F8DB300FC57B4 /* Base */ = {isa = PBXFileReference; lastKnownFileType = file.storyboard; name = Base; path = Base.lproj/LaunchScreen.storyboard; sourceTree = "<group>"; };
		8B0361D41E4F8DB300FC57B4 /* Info.plist */ = {isa = PBXFileReference; lastKnownFileType = text.plist.xml; path = Info.plist; sourceTree = "<group>"; };
		8B444EA41E4FAC8A0084BECB /* FacePay.entitlements */ = {isa = PBXFileReference; lastKnownFileType = text.plist.entitlements; path = FacePay.entitlements; sourceTree = "<group>"; };
		8B444EA51E4FB5630084BECB /* FacePay-Bridging-Header.h */ = {isa = PBXFileReference; lastKnownFileType = sourcecode.c.h; path = "FacePay-Bridging-Header.h"; sourceTree = "<group>"; };
		8B444EA61E4FB5630084BECB /* CustomObject.m */ = {isa = PBXFileReference; fileEncoding = 4; lastKnownFileType = sourcecode.c.objc; path = CustomObject.m; sourceTree = "<group>"; };
		8B444EA81E4FB5A20084BECB /* CustomObject.h */ = {isa = PBXFileReference; lastKnownFileType = sourcecode.c.h; path = CustomObject.h; sourceTree = "<group>"; };
		8B444EAA1E4FBB520084BECB /* Session.swift */ = {isa = PBXFileReference; fileEncoding = 4; lastKnownFileType = sourcecode.swift; path = Session.swift; sourceTree = "<group>"; };
		8BD1FED11E4F953300B08D01 /* GoogleService-Info.plist */ = {isa = PBXFileReference; fileEncoding = 4; lastKnownFileType = text.plist.xml; path = "GoogleService-Info.plist"; sourceTree = "<group>"; };
		8F87A30144CA41F7CABB3CE8 /* Pods-FacePay.debug.xcconfig */ = {isa = PBXFileReference; includeInIndex = 1; lastKnownFileType = text.xcconfig; name = "Pods-FacePay.debug.xcconfig"; path = "Pods/Target Support Files/Pods-FacePay/Pods-FacePay.debug.xcconfig"; sourceTree = "<group>"; };
		A802DCDED2FE01914254F133 /* Pods-FacePay.release.xcconfig */ = {isa = PBXFileReference; includeInIndex = 1; lastKnownFileType = text.xcconfig; name = "Pods-FacePay.release.xcconfig"; path = "Pods/Target Support Files/Pods-FacePay/Pods-FacePay.release.xcconfig"; sourceTree = "<group>"; };
		F856944C703A103833E7A627 /* Pods_FacePay.framework */ = {isa = PBXFileReference; explicitFileType = wrapper.framework; includeInIndex = 0; path = Pods_FacePay.framework; sourceTree = BUILT_PRODUCTS_DIR; };
/* End PBXFileReference section */

/* Begin PBXFrameworksBuildPhase section */
		8B0361C21E4F8DB300FC57B4 /* Frameworks */ = {
			isa = PBXFrameworksBuildPhase;
			buildActionMask = 2147483647;
			files = (
				8FE770855116B912B9138F43 /* Pods_FacePay.framework in Frameworks */,
			);
			runOnlyForDeploymentPostprocessing = 0;
		};
/* End PBXFrameworksBuildPhase section */

/* Begin PBXGroup section */
		70259BE3FFED159F5F27B12C /* Frameworks */ = {
			isa = PBXGroup;
			children = (
				F856944C703A103833E7A627 /* Pods_FacePay.framework */,
			);
			name = Frameworks;
			sourceTree = "<group>";
		};
		8B0361BC1E4F8DB300FC57B4 = {
			isa = PBXGroup;
			children = (
				8B0361C71E4F8DB300FC57B4 /* FacePay */,
				8B0361C61E4F8DB300FC57B4 /* Products */,
				C177E90078FB824AA999E3D6 /* Pods */,
				70259BE3FFED159F5F27B12C /* Frameworks */,
			);
			sourceTree = "<group>";
		};
		8B0361C61E4F8DB300FC57B4 /* Products */ = {
			isa = PBXGroup;
			children = (
				8B0361C51E4F8DB300FC57B4 /* FacePay.app */,
			);
			name = Products;
			sourceTree = "<group>";
		};
		8B0361C71E4F8DB300FC57B4 /* FacePay */ = {
			isa = PBXGroup;
			children = (
				8B444EA41E4FAC8A0084BECB /* FacePay.entitlements */,
				8B0361C81E4F8DB300FC57B4 /* AppDelegate.swift */,
				8B444EAA1E4FBB520084BECB /* Session.swift */,
				8B0361CA1E4F8DB300FC57B4 /* ViewController.swift */,
				8B444EA91E4FB7330084BECB /* ObjectiveCStuff */,
				8B0361CC1E4F8DB300FC57B4 /* Main.storyboard */,
				8B0361CF1E4F8DB300FC57B4 /* Assets.xcassets */,
				8B0361D11E4F8DB300FC57B4 /* LaunchScreen.storyboard */,
				8B0361D41E4F8DB300FC57B4 /* Info.plist */,
				8BD1FED11E4F953300B08D01 /* GoogleService-Info.plist */,
				8B444EA51E4FB5630084BECB /* FacePay-Bridging-Header.h */,
			);
			path = FacePay;
			sourceTree = "<group>";
		};
		8B444EA91E4FB7330084BECB /* ObjectiveCStuff */ = {
			isa = PBXGroup;
			children = (
				8B444EA81E4FB5A20084BECB /* CustomObject.h */,
				8B444EA61E4FB5630084BECB /* CustomObject.m */,
			);
			name = ObjectiveCStuff;
			sourceTree = "<group>";
		};
		C177E90078FB824AA999E3D6 /* Pods */ = {
			isa = PBXGroup;
			children = (
				8F87A30144CA41F7CABB3CE8 /* Pods-FacePay.debug.xcconfig */,
				A802DCDED2FE01914254F133 /* Pods-FacePay.release.xcconfig */,
			);
			name = Pods;
			sourceTree = "<group>";
		};
/* End PBXGroup section */

/* Begin PBXNativeTarget section */
		8B0361C41E4F8DB300FC57B4 /* FacePay */ = {
			isa = PBXNativeTarget;
			buildConfigurationList = 8B0361D71E4F8DB300FC57B4 /* Build configuration list for PBXNativeTarget "FacePay" */;
			buildPhases = (
				E9F45C208706639719474B2B /* [CP] Check Pods Manifest.lock */,
				8B0361C11E4F8DB300FC57B4 /* Sources */,
				8B0361C21E4F8DB300FC57B4 /* Frameworks */,
				8B0361C31E4F8DB300FC57B4 /* Resources */,
				784D028BC6C56A651A57B300 /* [CP] Embed Pods Frameworks */,
				7D0F39E6E6A4B24E165A1C4D /* [CP] Copy Pods Resources */,
			);
			buildRules = (
			);
			dependencies = (
			);
			name = FacePay;
			productName = FacePay;
			productReference = 8B0361C51E4F8DB300FC57B4 /* FacePay.app */;
			productType = "com.apple.product-type.application";
		};
/* End PBXNativeTarget section */

/* Begin PBXProject section */
		8B0361BD1E4F8DB300FC57B4 /* Project object */ = {
			isa = PBXProject;
			attributes = {
				LastSwiftUpdateCheck = 0820;
				LastUpgradeCheck = 0820;
				ORGANIZATIONNAME = jimdanger;
				TargetAttributes = {
					8B0361C41E4F8DB300FC57B4 = {
						CreatedOnToolsVersion = 8.2.1;
						DevelopmentTeam = MZ77S55QXG;
						LastSwiftMigration = 0820;
						ProvisioningStyle = Automatic;
						SystemCapabilities = {
							com.apple.Keychain = {
								enabled = 1;
							};
						};
					};
				};
			};
			buildConfigurationList = 8B0361C01E4F8DB300FC57B4 /* Build configuration list for PBXProject "FacePay" */;
			compatibilityVersion = "Xcode 3.2";
			developmentRegion = English;
			hasScannedForEncodings = 0;
			knownRegions = (
				en,
				Base,
			);
			mainGroup = 8B0361BC1E4F8DB300FC57B4;
			productRefGroup = 8B0361C61E4F8DB300FC57B4 /* Products */;
			projectDirPath = "";
			projectRoot = "";
			targets = (
				8B0361C41E4F8DB300FC57B4 /* FacePay */,
			);
		};
/* End PBXProject section */

/* Begin PBXResourcesBuildPhase section */
		8B0361C31E4F8DB300FC57B4 /* Resources */ = {
			isa = PBXResourcesBuildPhase;
			buildActionMask = 2147483647;
			files = (
				8B0361D31E4F8DB300FC57B4 /* LaunchScreen.storyboard in Resources */,
				8B0361D01E4F8DB300FC57B4 /* Assets.xcassets in Resources */,
				8B0361CE1E4F8DB300FC57B4 /* Main.storyboard in Resources */,
				8BD1FED21E4F953300B08D01 /* GoogleService-Info.plist in Resources */,
			);
			runOnlyForDeploymentPostprocessing = 0;
		};
/* End PBXResourcesBuildPhase section */

/* Begin PBXShellScriptBuildPhase section */
		784D028BC6C56A651A57B300 /* [CP] Embed Pods Frameworks */ = {
			isa = PBXShellScriptBuildPhase;
			buildActionMask = 2147483647;
			files = (
			);
			inputPaths = (
			);
			name = "[CP] Embed Pods Frameworks";
			outputPaths = (
			);
			runOnlyForDeploymentPostprocessing = 0;
			shellPath = /bin/sh;
			shellScript = "\"${SRCROOT}/Pods/Target Support Files/Pods-FacePay/Pods-FacePay-frameworks.sh\"\n";
			showEnvVarsInLog = 0;
		};
		7D0F39E6E6A4B24E165A1C4D /* [CP] Copy Pods Resources */ = {
			isa = PBXShellScriptBuildPhase;
			buildActionMask = 2147483647;
			files = (
			);
			inputPaths = (
			);
			name = "[CP] Copy Pods Resources";
			outputPaths = (
			);
			runOnlyForDeploymentPostprocessing = 0;
			shellPath = /bin/sh;
			shellScript = "\"${SRCROOT}/Pods/Target Support Files/Pods-FacePay/Pods-FacePay-resources.sh\"\n";
			showEnvVarsInLog = 0;
		};
		E9F45C208706639719474B2B /* [CP] Check Pods Manifest.lock */ = {
			isa = PBXShellScriptBuildPhase;
			buildActionMask = 2147483647;
			files = (
			);
			inputPaths = (
			);
			name = "[CP] Check Pods Manifest.lock";
			outputPaths = (
			);
			runOnlyForDeploymentPostprocessing = 0;
			shellPath = /bin/sh;
			shellScript = "diff \"${PODS_ROOT}/../Podfile.lock\" \"${PODS_ROOT}/Manifest.lock\" > /dev/null\nif [[ $? != 0 ]] ; then\n    cat << EOM\nerror: The sandbox is not in sync with the Podfile.lock. Run 'pod install' or update your CocoaPods installation.\nEOM\n    exit 1\nfi\n";
			showEnvVarsInLog = 0;
		};
/* End PBXShellScriptBuildPhase section */

/* Begin PBXSourcesBuildPhase section */
		8B0361C11E4F8DB300FC57B4 /* Sources */ = {
			isa = PBXSourcesBuildPhase;
			buildActionMask = 2147483647;
			files = (
				8B444EAB1E4FBB520084BECB /* Session.swift in Sources */,
				8B0361CB1E4F8DB300FC57B4 /* ViewController.swift in Sources */,
				8B444EA71E4FB5630084BECB /* CustomObject.m in Sources */,
				8B0361C91E4F8DB300FC57B4 /* AppDelegate.swift in Sources */,
			);
			runOnlyForDeploymentPostprocessing = 0;
		};
/* End PBXSourcesBuildPhase section */

/* Begin PBXVariantGroup section */
		8B0361CC1E4F8DB300FC57B4 /* Main.storyboard */ = {
			isa = PBXVariantGroup;
			children = (
				8B0361CD1E4F8DB300FC57B4 /* Base */,
			);
			name = Main.storyboard;
			sourceTree = "<group>";
		};
		8B0361D11E4F8DB300FC57B4 /* LaunchScreen.storyboard */ = {
			isa = PBXVariantGroup;
			children = (
				8B0361D21E4F8DB300FC57B4 /* Base */,
			);
			name = LaunchScreen.storyboard;
			sourceTree = "<group>";
		};
/* End PBXVariantGroup section */

/* Begin XCBuildConfiguration section */
		8B0361D51E4F8DB300FC57B4 /* Debug */ = {
			isa = XCBuildConfiguration;
			buildSettings = {
				ALWAYS_SEARCH_USER_PATHS = NO;
				CLANG_ANALYZER_NONNULL = YES;
				CLANG_CXX_LANGUAGE_STANDARD = "gnu++0x";
				CLANG_CXX_LIBRARY = "libc++";
				CLANG_ENABLE_MODULES = YES;
				CLANG_ENABLE_OBJC_ARC = YES;
				CLANG_WARN_BOOL_CONVERSION = YES;
				CLANG_WARN_CONSTANT_CONVERSION = YES;
				CLANG_WARN_DIRECT_OBJC_ISA_USAGE = YES_ERROR;
				CLANG_WARN_DOCUMENTATION_COMMENTS = YES;
				CLANG_WARN_EMPTY_BODY = YES;
				CLANG_WARN_ENUM_CONVERSION = YES;
				CLANG_WARN_INFINITE_RECURSION = YES;
				CLANG_WARN_INT_CONVERSION = YES;
				CLANG_WARN_OBJC_ROOT_CLASS = YES_ERROR;
				CLANG_WARN_SUSPICIOUS_MOVE = YES;
				CLANG_WARN_UNREACHABLE_CODE = YES;
				CLANG_WARN__DUPLICATE_METHOD_MATCH = YES;
				"CODE_SIGN_IDENTITY[sdk=iphoneos*]" = "iPhone Developer";
				COPY_PHASE_STRIP = NO;
				DEBUG_INFORMATION_FORMAT = dwarf;
				ENABLE_STRICT_OBJC_MSGSEND = YES;
				ENABLE_TESTABILITY = YES;
				"FRAMEWORK_SEARCH_PATHS[arch=*]" = "~/Documents/FacebookSDK ";
				GCC_C_LANGUAGE_STANDARD = gnu99;
				GCC_DYNAMIC_NO_PIC = NO;
				GCC_NO_COMMON_BLOCKS = YES;
				GCC_OPTIMIZATION_LEVEL = 0;
				GCC_PREPROCESSOR_DEFINITIONS = (
					"DEBUG=1",
					"$(inherited)",
				);
				GCC_WARN_64_TO_32_BIT_CONVERSION = YES;
				GCC_WARN_ABOUT_RETURN_TYPE = YES_ERROR;
				GCC_WARN_UNDECLARED_SELECTOR = YES;
				GCC_WARN_UNINITIALIZED_AUTOS = YES_AGGRESSIVE;
				GCC_WARN_UNUSED_FUNCTION = YES;
				GCC_WARN_UNUSED_VARIABLE = YES;
				IPHONEOS_DEPLOYMENT_TARGET = 10.2;
				MTL_ENABLE_DEBUG_INFO = YES;
				ONLY_ACTIVE_ARCH = YES;
				SDKROOT = iphoneos;
				SWIFT_ACTIVE_COMPILATION_CONDITIONS = DEBUG;
				SWIFT_OPTIMIZATION_LEVEL = "-Onone";
				TARGETED_DEVICE_FAMILY = "1,2";
			};
			name = Debug;
		};
		8B0361D61E4F8DB300FC57B4 /* Release */ = {
			isa = XCBuildConfiguration;
			buildSettings = {
				ALWAYS_SEARCH_USER_PATHS = NO;
				CLANG_ANALYZER_NONNULL = YES;
				CLANG_CXX_LANGUAGE_STANDARD = "gnu++0x";
				CLANG_CXX_LIBRARY = "libc++";
				CLANG_ENABLE_MODULES = YES;
				CLANG_ENABLE_OBJC_ARC = YES;
				CLANG_WARN_BOOL_CONVERSION = YES;
				CLANG_WARN_CONSTANT_CONVERSION = YES;
				CLANG_WARN_DIRECT_OBJC_ISA_USAGE = YES_ERROR;
				CLANG_WARN_DOCUMENTATION_COMMENTS = YES;
				CLANG_WARN_EMPTY_BODY = YES;
				CLANG_WARN_ENUM_CONVERSION = YES;
				CLANG_WARN_INFINITE_RECURSION = YES;
				CLANG_WARN_INT_CONVERSION = YES;
				CLANG_WARN_OBJC_ROOT_CLASS = YES_ERROR;
				CLANG_WARN_SUSPICIOUS_MOVE = YES;
				CLANG_WARN_UNREACHABLE_CODE = YES;
				CLANG_WARN__DUPLICATE_METHOD_MATCH = YES;
				"CODE_SIGN_IDENTITY[sdk=iphoneos*]" = "iPhone Developer";
				COPY_PHASE_STRIP = NO;
				DEBUG_INFORMATION_FORMAT = "dwarf-with-dsym";
				ENABLE_NS_ASSERTIONS = NO;
				ENABLE_STRICT_OBJC_MSGSEND = YES;
				GCC_C_LANGUAGE_STANDARD = gnu99;
				GCC_NO_COMMON_BLOCKS = YES;
				GCC_WARN_64_TO_32_BIT_CONVERSION = YES;
				GCC_WARN_ABOUT_RETURN_TYPE = YES_ERROR;
				GCC_WARN_UNDECLARED_SELECTOR = YES;
				GCC_WARN_UNINITIALIZED_AUTOS = YES_AGGRESSIVE;
				GCC_WARN_UNUSED_FUNCTION = YES;
				GCC_WARN_UNUSED_VARIABLE = YES;
				IPHONEOS_DEPLOYMENT_TARGET = 10.2;
				MTL_ENABLE_DEBUG_INFO = NO;
				SDKROOT = iphoneos;
				SWIFT_OPTIMIZATION_LEVEL = "-Owholemodule";
				TARGETED_DEVICE_FAMILY = "1,2";
				VALIDATE_PRODUCT = YES;
			};
			name = Release;
		};
		8B0361D81E4F8DB300FC57B4 /* Debug */ = {
			isa = XCBuildConfiguration;
			baseConfigurationReference = 8F87A30144CA41F7CABB3CE8 /* Pods-FacePay.debug.xcconfig */;
			buildSettings = {
				ASSETCATALOG_COMPILER_APPICON_NAME = AppIcon;
				CLANG_ENABLE_MODULES = YES;
				CODE_SIGN_ENTITLEMENTS = FacePay/FacePay.entitlements;
				DEVELOPMENT_TEAM = MZ77S55QXG;
				INFOPLIST_FILE = FacePay/Info.plist;
				IPHONEOS_DEPLOYMENT_TARGET = 10.0;
				LD_RUNPATH_SEARCH_PATHS = "$(inherited) @executable_path/Frameworks";
				PRODUCT_BUNDLE_IDENTIFIER = "com.-jimdanger.FacePay";
				PRODUCT_NAME = "$(TARGET_NAME)";
				SWIFT_OBJC_BRIDGING_HEADER = "FacePay/FacePay-Bridging-Header.h";
				SWIFT_OPTIMIZATION_LEVEL = "-Onone";
				SWIFT_VERSION = 3.0;
			};
			name = Debug;
		};
		8B0361D91E4F8DB300FC57B4 /* Release */ = {
			isa = XCBuildConfiguration;
			baseConfigurationReference = A802DCDED2FE01914254F133 /* Pods-FacePay.release.xcconfig */;
			buildSettings = {
				ASSETCATALOG_COMPILER_APPICON_NAME = AppIcon;
				CLANG_ENABLE_MODULES = YES;
				CODE_SIGN_ENTITLEMENTS = FacePay/FacePay.entitlements;
				DEVELOPMENT_TEAM = MZ77S55QXG;
				INFOPLIST_FILE = FacePay/Info.plist;
				IPHONEOS_DEPLOYMENT_TARGET = 10.0;
				LD_RUNPATH_SEARCH_PATHS = "$(inherited) @executable_path/Frameworks";
				PRODUCT_BUNDLE_IDENTIFIER = "com.-jimdanger.FacePay";
				PRODUCT_NAME = "$(TARGET_NAME)";
				SWIFT_OBJC_BRIDGING_HEADER = "FacePay/FacePay-Bridging-Header.h";
				SWIFT_VERSION = 3.0;
			};
			name = Release;
		};
/* End XCBuildConfiguration section */

/* Begin XCConfigurationList section */
		8B0361C01E4F8DB300FC57B4 /* Build configuration list for PBXProject "FacePay" */ = {
			isa = XCConfigurationList;
			buildConfigurations = (
				8B0361D51E4F8DB300FC57B4 /* Debug */,
				8B0361D61E4F8DB300FC57B4 /* Release */,
			);
			defaultConfigurationIsVisible = 0;
			defaultConfigurationName = Release;
		};
		8B0361D71E4F8DB300FC57B4 /* Build configuration list for PBXNativeTarget "FacePay" */ = {
			isa = XCConfigurationList;
			buildConfigurations = (
				8B0361D81E4F8DB300FC57B4 /* Debug */,
				8B0361D91E4F8DB300FC57B4 /* Release */,
			);
			defaultConfigurationIsVisible = 0;
			defaultConfigurationName = Release;
		};
/* End XCConfigurationList section */
	};
	rootObject = 8B0361BD1E4F8DB300FC57B4 /* Project object */;
}
